
Microsoft Visual Studio Solution File, Format Version 12.00
# Visual Studio Version 17
VisualStudioVersion = 17.9.34622.214
MinimumVisualStudioVersion = 10.0.40219.1
Project("{FAE04EC0-301F-11D3-BF4B-00C04F79EFBC}") = "PapelariaCrud", "PapelariaCrud\PapelariaCrud.csproj", "{B77EBCC4-7959-47BA-B58C-D5944FF02BE3}"
EndProject
Global
	GlobalSection(SolutionConfigurationPlatforms) = preSolution
		Debug|Any CPU = Debug|Any CPU
		Release|Any CPU = Release|Any CPU
	EndGlobalSection
	GlobalSection(ProjectConfigurationPlatforms) = postSolution
		{B77EBCC4-7959-47BA-B58C-D5944FF02BE3}.Debug|Any CPU.ActiveCfg = Debug|Any CPU
		{B77EBCC4-7959-47BA-B58C-D5944FF02BE3}.Debug|Any CPU.Build.0 = Debug|Any CPU
		{B77EBCC4-7959-47BA-B58C-D5944FF02BE3}.Release|Any CPU.ActiveCfg = Release|Any CPU
		{B77EBCC4-7959-47BA-B58C-D5944FF02BE3}.Release|Any CPU.Build.0 = Release|Any CPU
	EndGlobalSection
	GlobalSection(SolutionProperties) = preSolution
		HideSolutionNode = FALSE
	EndGlobalSection
	GlobalSection(ExtensibilityGlobals) = postSolution
		SolutionGuid = {813E48CA-261C-4ECF-B651-D29269F6DA2A}
	EndGlobalSection
EndGlobal
